
Microsoft Visual Studio Solution File, Format Version 12.00
# Visual Studio Version 17
VisualStudioVersion = 17.8.34316.72
MinimumVisualStudioVersion = 10.0.40219.1
Project("{FAE04EC0-301F-11D3-BF4B-00C04F79EFBC}") = "GGDownloader", "GGDownloader.csproj", "{D6B071D0-C006-4306-9948-72BE1AD9B8D1}"
EndProject
Global
	GlobalSection(SolutionConfigurationPlatforms) = preSolution
		Debug|Any CPU = Debug|Any CPU
		Release|Any CPU = Release|Any CPU
	EndGlobalSection
	GlobalSection(ProjectConfigurationPlatforms) = postSolution
		{D6B071D0-C006-4306-9948-72BE1AD9B8D1}.Debug|Any CPU.ActiveCfg = Debug|Any CPU
		{D6B071D0-C006-4306-9948-72BE1AD9B8D1}.Debug|Any CPU.Build.0 = Debug|Any CPU
		{D6B071D0-C006-4306-9948-72BE1AD9B8D1}.Release|Any CPU.ActiveCfg = Release|Any CPU
		{D6B071D0-C006-4306-9948-72BE1AD9B8D1}.Release|Any CPU.Build.0 = Release|Any CPU
	EndGlobalSection
	GlobalSection(SolutionProperties) = preSolution
		HideSolutionNode = FALSE
	EndGlobalSection
	GlobalSection(ExtensibilityGlobals) = postSolution
		SolutionGuid = {0407E6EF-9464-474B-B4B4-030FC749A33C}
	EndGlobalSection
EndGlobal
